
Microsoft Visual Studio Solution File, Format Version 12.00
# Visual Studio 15
VisualStudioVersion = 15.0.27703.2035
MinimumVisualStudioVersion = 10.0.40219.1
Project("{FAE04EC0-301F-11D3-BF4B-00C04F79EFBC}") = "OpenCartTestProject", "OpenCartTestProject\OpenCartTestProject.csproj", "{859EBBAE-1E24-442D-822B-D1333A3FD80E}"
EndProject
Global
	GlobalSection(SolutionConfigurationPlatforms) = preSolution
		Debug|Any CPU = Debug|Any CPU
		Release|Any CPU = Release|Any CPU
	EndGlobalSection
	GlobalSection(ProjectConfigurationPlatforms) = postSolution
		{859EBBAE-1E24-442D-822B-D1333A3FD80E}.Debug|Any CPU.ActiveCfg = Debug|Any CPU
		{859EBBAE-1E24-442D-822B-D1333A3FD80E}.Debug|Any CPU.Build.0 = Debug|Any CPU
		{859EBBAE-1E24-442D-822B-D1333A3FD80E}.Release|Any CPU.ActiveCfg = Release|Any CPU
		{859EBBAE-1E24-442D-822B-D1333A3FD80E}.Release|Any CPU.Build.0 = Release|Any CPU
	EndGlobalSection
	GlobalSection(SolutionProperties) = preSolution
		HideSolutionNode = FALSE
	EndGlobalSection
	GlobalSection(ExtensibilityGlobals) = postSolution
		SolutionGuid = {22D4EA5C-CBF1-4619-986B-25D3C47F3E55}
	EndGlobalSection
EndGlobal
