
Microsoft Visual Studio Solution File, Format Version 12.00
# Visual Studio 15
VisualStudioVersion = 15.0.27703.2035
MinimumVisualStudioVersion = 10.0.40219.1
Project("{FAE04EC0-301F-11D3-BF4B-00C04F79EFBC}") = "UnitTestProjectLv382a", "UnitTestProjectLv382a\UnitTestProjectLv382a.csproj", "{9EDB2A09-A745-4333-8EF2-291FCCE7ED01}"
EndProject
Global
	GlobalSection(SolutionConfigurationPlatforms) = preSolution
		Debug|Any CPU = Debug|Any CPU
		Release|Any CPU = Release|Any CPU
	EndGlobalSection
	GlobalSection(ProjectConfigurationPlatforms) = postSolution
		{9EDB2A09-A745-4333-8EF2-291FCCE7ED01}.Debug|Any CPU.ActiveCfg = Debug|Any CPU
		{9EDB2A09-A745-4333-8EF2-291FCCE7ED01}.Debug|Any CPU.Build.0 = Debug|Any CPU
		{9EDB2A09-A745-4333-8EF2-291FCCE7ED01}.Release|Any CPU.ActiveCfg = Release|Any CPU
		{9EDB2A09-A745-4333-8EF2-291FCCE7ED01}.Release|Any CPU.Build.0 = Release|Any CPU
	EndGlobalSection
	GlobalSection(SolutionProperties) = preSolution
		HideSolutionNode = FALSE
	EndGlobalSection
	GlobalSection(ExtensibilityGlobals) = postSolution
		SolutionGuid = {47BF3C78-0B8C-4961-B1D5-6885AC90689E}
	EndGlobalSection
EndGlobal
