
Microsoft Visual Studio Solution File, Format Version 12.00
# Visual Studio 15
VisualStudioVersion = 15.0.28010.2003
MinimumVisualStudioVersion = 10.0.40219.1
Project("{FAE04EC0-301F-11D3-BF4B-00C04F79EFBC}") = "OpenCartAutomation", "OpenCartAutomation\OpenCartAutomation.csproj", "{495B47C8-3BA0-4574-9395-FB1853AA3866}"
EndProject
Project("{FAE04EC0-301F-11D3-BF4B-00C04F79EFBC}") = "TestFramework", "TestFramework\TestFramework.csproj", "{D364E635-7DEE-4D41-BC36-78C28C37B04E}"
EndProject
Project("{FAE04EC0-301F-11D3-BF4B-00C04F79EFBC}") = "UI", "UI\UI.csproj", "{8B5C7F6F-73B9-4864-9484-AA9AD24EFC2B}"
EndProject
Global
	GlobalSection(SolutionConfigurationPlatforms) = preSolution
		Debug|Any CPU = Debug|Any CPU
		Release|Any CPU = Release|Any CPU
	EndGlobalSection
	GlobalSection(ProjectConfigurationPlatforms) = postSolution
		{495B47C8-3BA0-4574-9395-FB1853AA3866}.Debug|Any CPU.ActiveCfg = Debug|Any CPU
		{495B47C8-3BA0-4574-9395-FB1853AA3866}.Debug|Any CPU.Build.0 = Debug|Any CPU
		{495B47C8-3BA0-4574-9395-FB1853AA3866}.Release|Any CPU.ActiveCfg = Release|Any CPU
		{495B47C8-3BA0-4574-9395-FB1853AA3866}.Release|Any CPU.Build.0 = Release|Any CPU
		{D364E635-7DEE-4D41-BC36-78C28C37B04E}.Debug|Any CPU.ActiveCfg = Debug|Any CPU
		{D364E635-7DEE-4D41-BC36-78C28C37B04E}.Debug|Any CPU.Build.0 = Debug|Any CPU
		{D364E635-7DEE-4D41-BC36-78C28C37B04E}.Release|Any CPU.ActiveCfg = Release|Any CPU
		{D364E635-7DEE-4D41-BC36-78C28C37B04E}.Release|Any CPU.Build.0 = Release|Any CPU
		{8B5C7F6F-73B9-4864-9484-AA9AD24EFC2B}.Debug|Any CPU.ActiveCfg = Debug|Any CPU
		{8B5C7F6F-73B9-4864-9484-AA9AD24EFC2B}.Debug|Any CPU.Build.0 = Debug|Any CPU
		{8B5C7F6F-73B9-4864-9484-AA9AD24EFC2B}.Release|Any CPU.ActiveCfg = Release|Any CPU
		{8B5C7F6F-73B9-4864-9484-AA9AD24EFC2B}.Release|Any CPU.Build.0 = Release|Any CPU
	EndGlobalSection
	GlobalSection(SolutionProperties) = preSolution
		HideSolutionNode = FALSE
	EndGlobalSection
	GlobalSection(ExtensibilityGlobals) = postSolution
		SolutionGuid = {48A77835-901E-411D-8EDC-AD6C02FE269C}
	EndGlobalSection
EndGlobal
