
Microsoft Visual Studio Solution File, Format Version 12.00
# Visual Studio 15
VisualStudioVersion = 15.0.28307.421
MinimumVisualStudioVersion = 10.0.40219.1
Project("{FAE04EC0-301F-11D3-BF4B-00C04F79EFBC}") = "Composite ATQC", "Composite ATQC\Composite ATQC.csproj", "{EC874D72-3B6A-4D70-BDF7-3C02F0E97C27}"
EndProject
Global
	GlobalSection(SolutionConfigurationPlatforms) = preSolution
		Debug|Any CPU = Debug|Any CPU
		Release|Any CPU = Release|Any CPU
	EndGlobalSection
	GlobalSection(ProjectConfigurationPlatforms) = postSolution
		{EC874D72-3B6A-4D70-BDF7-3C02F0E97C27}.Debug|Any CPU.ActiveCfg = Debug|Any CPU
		{EC874D72-3B6A-4D70-BDF7-3C02F0E97C27}.Debug|Any CPU.Build.0 = Debug|Any CPU
		{EC874D72-3B6A-4D70-BDF7-3C02F0E97C27}.Release|Any CPU.ActiveCfg = Release|Any CPU
		{EC874D72-3B6A-4D70-BDF7-3C02F0E97C27}.Release|Any CPU.Build.0 = Release|Any CPU
	EndGlobalSection
	GlobalSection(SolutionProperties) = preSolution
		HideSolutionNode = FALSE
	EndGlobalSection
	GlobalSection(ExtensibilityGlobals) = postSolution
		SolutionGuid = {7C166594-4721-4633-86AC-44E3952194D3}
	EndGlobalSection
EndGlobal
