
Microsoft Visual Studio Solution File, Format Version 12.00
# Visual Studio 15
VisualStudioVersion = 15.0.28307.421
MinimumVisualStudioVersion = 10.0.40219.1
Project("{FAE04EC0-301F-11D3-BF4B-00C04F79EFBC}") = "AdditionalTasks", "AdditionalTasks\AdditionalTasks.csproj", "{2A939BF6-9DF3-499E-875F-BCE75D1D123B}"
EndProject
Global
	GlobalSection(SolutionConfigurationPlatforms) = preSolution
		Debug|Any CPU = Debug|Any CPU
		Release|Any CPU = Release|Any CPU
	EndGlobalSection
	GlobalSection(ProjectConfigurationPlatforms) = postSolution
		{2A939BF6-9DF3-499E-875F-BCE75D1D123B}.Debug|Any CPU.ActiveCfg = Debug|Any CPU
		{2A939BF6-9DF3-499E-875F-BCE75D1D123B}.Debug|Any CPU.Build.0 = Debug|Any CPU
		{2A939BF6-9DF3-499E-875F-BCE75D1D123B}.Release|Any CPU.ActiveCfg = Release|Any CPU
		{2A939BF6-9DF3-499E-875F-BCE75D1D123B}.Release|Any CPU.Build.0 = Release|Any CPU
	EndGlobalSection
	GlobalSection(SolutionProperties) = preSolution
		HideSolutionNode = FALSE
	EndGlobalSection
	GlobalSection(ExtensibilityGlobals) = postSolution
		SolutionGuid = {D9874FD6-06EF-4BD8-904B-70296A90158C}
	EndGlobalSection
EndGlobal
