
Microsoft Visual Studio Solution File, Format Version 12.00
# Visual Studio 15
VisualStudioVersion = 15.0.28010.2003
MinimumVisualStudioVersion = 10.0.40219.1
Project("{FAE04EC0-301F-11D3-BF4B-00C04F79EFBC}") = "SoftTasks", "SoftTasks\SoftTasks.csproj", "{9617BB9D-F409-44D0-9ADB-8A2E5021B978}"
EndProject
Global
	GlobalSection(SolutionConfigurationPlatforms) = preSolution
		Debug|Any CPU = Debug|Any CPU
		Release|Any CPU = Release|Any CPU
	EndGlobalSection
	GlobalSection(ProjectConfigurationPlatforms) = postSolution
		{9617BB9D-F409-44D0-9ADB-8A2E5021B978}.Debug|Any CPU.ActiveCfg = Debug|Any CPU
		{9617BB9D-F409-44D0-9ADB-8A2E5021B978}.Debug|Any CPU.Build.0 = Debug|Any CPU
		{9617BB9D-F409-44D0-9ADB-8A2E5021B978}.Release|Any CPU.ActiveCfg = Release|Any CPU
		{9617BB9D-F409-44D0-9ADB-8A2E5021B978}.Release|Any CPU.Build.0 = Release|Any CPU
	EndGlobalSection
	GlobalSection(SolutionProperties) = preSolution
		HideSolutionNode = FALSE
	EndGlobalSection
	GlobalSection(ExtensibilityGlobals) = postSolution
		SolutionGuid = {D4FD12C0-E320-41C9-B532-59F21EC7C200}
	EndGlobalSection
EndGlobal




1	$("#layered_price_slider") css id   $x("//div[@id='layered_price_slider']")
2	$(".logo")
3	$("#special_block_right a.btn.btn")
4	$("[name='layered_id_feature_21']")
5	$("a.bx-next")
6	$(".search_query")
7	$(".lost_password.form-group + .submit button")
8	$("a[href^='mailto']")
9	$(".block_content.list-block a[href*='4&controller=cms'")
10	$(".bottom-footer div")





